{
  "pins" : [
    {
      "identity" : "rxswift",
      "kind" : "remoteSourceControl",
      "location" : "https://github.com/ReactiveX/RxSwift",
      "state" : {
        "revision" : "b4307ba0b6425c0ba4178e138799946c3da594f8",
        "version" : "6.5.0"
      }
    },
    {
      "identity" : "rxwebkit",
      "kind" : "remoteSourceControl",
      "location" : "https://github.com/RxSwiftCommunity/RxWebKit",
      "state" : {
        "branch" : "master",
        "revision" : "6225dd5792fc8010d2399814c89a3683a4c87ec6"
      }
    }
  ],
  "version" : 2
}
